
Microsoft Visual Studio Solution File, Format Version 12.00
# Visual Studio Version 17
VisualStudioVersion = 17.0.31903.59
MinimumVisualStudioVersion = 10.0.40219.1
Project("{2150E333-8FDC-42A3-9474-1A3956D46DE8}") = "src", "src", "{827E0CD3-B72D-47B6-A68D-7590B98EB39B}"
EndProject
Project("{FAE04EC0-301F-11D3-BF4B-00C04F79EFBC}") = "MechanicShop.Api", "src\MechanicShop.Api\MechanicShop.Api.csproj", "{B5C42006-F1B5-494E-B2AF-6B36A404C423}"
EndProject
Project("{FAE04EC0-301F-11D3-BF4B-00C04F79EFBC}") = "MechanicShop.Application", "src\MechanicShop.Application\MechanicShop.Application.csproj", "{332E1885-C324-4AB9-9088-EE2FA03F2950}"
EndProject
Project("{FAE04EC0-301F-11D3-BF4B-00C04F79EFBC}") = "MechanicShop.Client", "src\MechanicShop.Client\MechanicShop.Client.csproj", "{67CE93E2-2A07-4CBD-9174-85D18E200C5A}"
EndProject
Project("{FAE04EC0-301F-11D3-BF4B-00C04F79EFBC}") = "MechanicShop.Contracts", "src\MechanicShop.Contracts\MechanicShop.Contracts.csproj", "{7E263B3A-BB0E-46FB-8D91-6EA9985EBCDA}"
EndProject
Project("{FAE04EC0-301F-11D3-BF4B-00C04F79EFBC}") = "MechanicShop.Domain", "src\MechanicShop.Domain\MechanicShop.Domain.csproj", "{240BA758-A1BA-45F0-941C-97D4FCC31AF9}"
EndProject
Project("{FAE04EC0-301F-11D3-BF4B-00C04F79EFBC}") = "MechanicShop.Infrastructure", "src\MechanicShop.Infrastructure\MechanicShop.Infrastructure.csproj", "{4C06B80E-BF06-4D11-9F5A-A5B1B998FD95}"
EndProject
Project("{FAE04EC0-301F-11D3-BF4B-00C04F79EFBC}") = "MechanicShop.Api.Integration", "tests\MechanicShop.Api.Integration\MechanicShop.Api.Integration.csproj", "{5949C44F-3B43-4BCF-A9D9-2505BC894CBC}"
EndProject
Project("{FAE04EC0-301F-11D3-BF4B-00C04F79EFBC}") = "MechanicShop.Application.SubcutaneousTests", "tests\MechanicShop.Application.SubcutaneousTests\MechanicShop.Application.SubcutaneousTests.csproj", "{6A156868-8DCF-4E34-A111-03013C106D39}"
EndProject
Project("{FAE04EC0-301F-11D3-BF4B-00C04F79EFBC}") = "MechanicShop.Application.UnitTests", "tests\MechanicShop.Application.UnitTests\MechanicShop.Application.UnitTests.csproj", "{60BADD06-1186-4042-87A4-4E91964F5598}"
EndProject
Project("{FAE04EC0-301F-11D3-BF4B-00C04F79EFBC}") = "MechanicShop.Domain.UnitTests", "tests\MechanicShop.Domain.UnitTests\MechanicShop.Domain.UnitTests.csproj", "{0AE2B95D-D63D-483F-92A2-5723F46828DB}"
EndProject
Project("{FAE04EC0-301F-11D3-BF4B-00C04F79EFBC}") = "MechanicShop.Tests.Common", "tests\MechanicShop.Tests.Common\MechanicShop.Tests.Common.csproj", "{B6DE4F48-8BA4-48C1-A583-D8F38A52BA17}"
EndProject
Global
	GlobalSection(SolutionConfigurationPlatforms) = preSolution
		Debug|Any CPU = Debug|Any CPU
		Debug|x64 = Debug|x64
		Debug|x86 = Debug|x86
		Release|Any CPU = Release|Any CPU
		Release|x64 = Release|x64
		Release|x86 = Release|x86
	EndGlobalSection
	GlobalSection(ProjectConfigurationPlatforms) = postSolution
		{B5C42006-F1B5-494E-B2AF-6B36A404C423}.Debug|Any CPU.ActiveCfg = Debug|Any CPU
		{B5C42006-F1B5-494E-B2AF-6B36A404C423}.Debug|Any CPU.Build.0 = Debug|Any CPU
		{B5C42006-F1B5-494E-B2AF-6B36A404C423}.Debug|x64.ActiveCfg = Debug|Any CPU
		{B5C42006-F1B5-494E-B2AF-6B36A404C423}.Debug|x64.Build.0 = Debug|Any CPU
		{B5C42006-F1B5-494E-B2AF-6B36A404C423}.Debug|x86.ActiveCfg = Debug|Any CPU
		{B5C42006-F1B5-494E-B2AF-6B36A404C423}.Debug|x86.Build.0 = Debug|Any CPU
		{B5C42006-F1B5-494E-B2AF-6B36A404C423}.Release|Any CPU.ActiveCfg = Release|Any CPU
		{B5C42006-F1B5-494E-B2AF-6B36A404C423}.Release|Any CPU.Build.0 = Release|Any CPU
		{B5C42006-F1B5-494E-B2AF-6B36A404C423}.Release|x64.ActiveCfg = Release|Any CPU
		{B5C42006-F1B5-494E-B2AF-6B36A404C423}.Release|x64.Build.0 = Release|Any CPU
		{B5C42006-F1B5-494E-B2AF-6B36A404C423}.Release|x86.ActiveCfg = Release|Any CPU
		{B5C42006-F1B5-494E-B2AF-6B36A404C423}.Release|x86.Build.0 = Release|Any CPU
		{332E1885-C324-4AB9-9088-EE2FA03F2950}.Debug|Any CPU.ActiveCfg = Debug|Any CPU
		{332E1885-C324-4AB9-9088-EE2FA03F2950}.Debug|Any CPU.Build.0 = Debug|Any CPU
		{332E1885-C324-4AB9-9088-EE2FA03F2950}.Debug|x64.ActiveCfg = Debug|Any CPU
		{332E1885-C324-4AB9-9088-EE2FA03F2950}.Debug|x64.Build.0 = Debug|Any CPU
		{332E1885-C324-4AB9-9088-EE2FA03F2950}.Debug|x86.ActiveCfg = Debug|Any CPU
		{332E1885-C324-4AB9-9088-EE2FA03F2950}.Debug|x86.Build.0 = Debug|Any CPU
		{332E1885-C324-4AB9-9088-EE2FA03F2950}.Release|Any CPU.ActiveCfg = Release|Any CPU
		{332E1885-C324-4AB9-9088-EE2FA03F2950}.Release|Any CPU.Build.0 = Release|Any CPU
		{332E1885-C324-4AB9-9088-EE2FA03F2950}.Release|x64.ActiveCfg = Release|Any CPU
		{332E1885-C324-4AB9-9088-EE2FA03F2950}.Release|x64.Build.0 = Release|Any CPU
		{332E1885-C324-4AB9-9088-EE2FA03F2950}.Release|x86.ActiveCfg = Release|Any CPU
		{332E1885-C324-4AB9-9088-EE2FA03F2950}.Release|x86.Build.0 = Release|Any CPU
		{67CE93E2-2A07-4CBD-9174-85D18E200C5A}.Debug|Any CPU.ActiveCfg = Debug|Any CPU
		{67CE93E2-2A07-4CBD-9174-85D18E200C5A}.Debug|Any CPU.Build.0 = Debug|Any CPU
		{67CE93E2-2A07-4CBD-9174-85D18E200C5A}.Debug|x64.ActiveCfg = Debug|Any CPU
		{67CE93E2-2A07-4CBD-9174-85D18E200C5A}.Debug|x64.Build.0 = Debug|Any CPU
		{67CE93E2-2A07-4CBD-9174-85D18E200C5A}.Debug|x86.ActiveCfg = Debug|Any CPU
		{67CE93E2-2A07-4CBD-9174-85D18E200C5A}.Debug|x86.Build.0 = Debug|Any CPU
		{67CE93E2-2A07-4CBD-9174-85D18E200C5A}.Release|Any CPU.ActiveCfg = Release|Any CPU
		{67CE93E2-2A07-4CBD-9174-85D18E200C5A}.Release|Any CPU.Build.0 = Release|Any CPU
		{67CE93E2-2A07-4CBD-9174-85D18E200C5A}.Release|x64.ActiveCfg = Release|Any CPU
		{67CE93E2-2A07-4CBD-9174-85D18E200C5A}.Release|x64.Build.0 = Release|Any CPU
		{67CE93E2-2A07-4CBD-9174-85D18E200C5A}.Release|x86.ActiveCfg = Release|Any CPU
		{67CE93E2-2A07-4CBD-9174-85D18E200C5A}.Release|x86.Build.0 = Release|Any CPU
		{7E263B3A-BB0E-46FB-8D91-6EA9985EBCDA}.Debug|Any CPU.ActiveCfg = Debug|Any CPU
		{7E263B3A-BB0E-46FB-8D91-6EA9985EBCDA}.Debug|Any CPU.Build.0 = Debug|Any CPU
		{7E263B3A-BB0E-46FB-8D91-6EA9985EBCDA}.Debug|x64.ActiveCfg = Debug|Any CPU
		{7E263B3A-BB0E-46FB-8D91-6EA9985EBCDA}.Debug|x64.Build.0 = Debug|Any CPU
		{7E263B3A-BB0E-46FB-8D91-6EA9985EBCDA}.Debug|x86.ActiveCfg = Debug|Any CPU
		{7E263B3A-BB0E-46FB-8D91-6EA9985EBCDA}.Debug|x86.Build.0 = Debug|Any CPU
		{7E263B3A-BB0E-46FB-8D91-6EA9985EBCDA}.Release|Any CPU.ActiveCfg = Release|Any CPU
		{7E263B3A-BB0E-46FB-8D91-6EA9985EBCDA}.Release|Any CPU.Build.0 = Release|Any CPU
		{7E263B3A-BB0E-46FB-8D91-6EA9985EBCDA}.Release|x64.ActiveCfg = Release|Any CPU
		{7E263B3A-BB0E-46FB-8D91-6EA9985EBCDA}.Release|x64.Build.0 = Release|Any CPU
		{7E263B3A-BB0E-46FB-8D91-6EA9985EBCDA}.Release|x86.ActiveCfg = Release|Any CPU
		{7E263B3A-BB0E-46FB-8D91-6EA9985EBCDA}.Release|x86.Build.0 = Release|Any CPU
		{240BA758-A1BA-45F0-941C-97D4FCC31AF9}.Debug|Any CPU.ActiveCfg = Debug|Any CPU
		{240BA758-A1BA-45F0-941C-97D4FCC31AF9}.Debug|Any CPU.Build.0 = Debug|Any CPU
		{240BA758-A1BA-45F0-941C-97D4FCC31AF9}.Debug|x64.ActiveCfg = Debug|Any CPU
		{240BA758-A1BA-45F0-941C-97D4FCC31AF9}.Debug|x64.Build.0 = Debug|Any CPU
		{240BA758-A1BA-45F0-941C-97D4FCC31AF9}.Debug|x86.ActiveCfg = Debug|Any CPU
		{240BA758-A1BA-45F0-941C-97D4FCC31AF9}.Debug|x86.Build.0 = Debug|Any CPU
		{240BA758-A1BA-45F0-941C-97D4FCC31AF9}.Release|Any CPU.ActiveCfg = Release|Any CPU
		{240BA758-A1BA-45F0-941C-97D4FCC31AF9}.Release|Any CPU.Build.0 = Release|Any CPU
		{240BA758-A1BA-45F0-941C-97D4FCC31AF9}.Release|x64.ActiveCfg = Release|Any CPU
		{240BA758-A1BA-45F0-941C-97D4FCC31AF9}.Release|x64.Build.0 = Release|Any CPU
		{240BA758-A1BA-45F0-941C-97D4FCC31AF9}.Release|x86.ActiveCfg = Release|Any CPU
		{240BA758-A1BA-45F0-941C-97D4FCC31AF9}.Release|x86.Build.0 = Release|Any CPU
		{4C06B80E-BF06-4D11-9F5A-A5B1B998FD95}.Debug|Any CPU.ActiveCfg = Debug|Any CPU
		{4C06B80E-BF06-4D11-9F5A-A5B1B998FD95}.Debug|Any CPU.Build.0 = Debug|Any CPU
		{4C06B80E-BF06-4D11-9F5A-A5B1B998FD95}.Debug|x64.ActiveCfg = Debug|Any CPU
		{4C06B80E-BF06-4D11-9F5A-A5B1B998FD95}.Debug|x64.Build.0 = Debug|Any CPU
		{4C06B80E-BF06-4D11-9F5A-A5B1B998FD95}.Debug|x86.ActiveCfg = Debug|Any CPU
		{4C06B80E-BF06-4D11-9F5A-A5B1B998FD95}.Debug|x86.Build.0 = Debug|Any CPU
		{4C06B80E-BF06-4D11-9F5A-A5B1B998FD95}.Release|Any CPU.ActiveCfg = Release|Any CPU
		{4C06B80E-BF06-4D11-9F5A-A5B1B998FD95}.Release|Any CPU.Build.0 = Release|Any CPU
		{4C06B80E-BF06-4D11-9F5A-A5B1B998FD95}.Release|x64.ActiveCfg = Release|Any CPU
		{4C06B80E-BF06-4D11-9F5A-A5B1B998FD95}.Release|x64.Build.0 = Release|Any CPU
		{4C06B80E-BF06-4D11-9F5A-A5B1B998FD95}.Release|x86.ActiveCfg = Release|Any CPU
		{4C06B80E-BF06-4D11-9F5A-A5B1B998FD95}.Release|x86.Build.0 = Release|Any CPU
		{5949C44F-3B43-4BCF-A9D9-2505BC894CBC}.Debug|Any CPU.ActiveCfg = Debug|Any CPU
		{5949C44F-3B43-4BCF-A9D9-2505BC894CBC}.Debug|Any CPU.Build.0 = Debug|Any CPU
		{5949C44F-3B43-4BCF-A9D9-2505BC894CBC}.Debug|x64.ActiveCfg = Debug|Any CPU
		{5949C44F-3B43-4BCF-A9D9-2505BC894CBC}.Debug|x64.Build.0 = Debug|Any CPU
		{5949C44F-3B43-4BCF-A9D9-2505BC894CBC}.Debug|x86.ActiveCfg = Debug|Any CPU
		{5949C44F-3B43-4BCF-A9D9-2505BC894CBC}.Debug|x86.Build.0 = Debug|Any CPU
		{5949C44F-3B43-4BCF-A9D9-2505BC894CBC}.Release|Any CPU.ActiveCfg = Release|Any CPU
		{5949C44F-3B43-4BCF-A9D9-2505BC894CBC}.Release|Any CPU.Build.0 = Release|Any CPU
		{5949C44F-3B43-4BCF-A9D9-2505BC894CBC}.Release|x64.ActiveCfg = Release|Any CPU
		{5949C44F-3B43-4BCF-A9D9-2505BC894CBC}.Release|x64.Build.0 = Release|Any CPU
		{5949C44F-3B43-4BCF-A9D9-2505BC894CBC}.Release|x86.ActiveCfg = Release|Any CPU
		{5949C44F-3B43-4BCF-A9D9-2505BC894CBC}.Release|x86.Build.0 = Release|Any CPU
		{6A156868-8DCF-4E34-A111-03013C106D39}.Debug|Any CPU.ActiveCfg = Debug|Any CPU
		{6A156868-8DCF-4E34-A111-03013C106D39}.Debug|Any CPU.Build.0 = Debug|Any CPU
		{6A156868-8DCF-4E34-A111-03013C106D39}.Debug|x64.ActiveCfg = Debug|Any CPU
		{6A156868-8DCF-4E34-A111-03013C106D39}.Debug|x64.Build.0 = Debug|Any CPU
		{6A156868-8DCF-4E34-A111-03013C106D39}.Debug|x86.ActiveCfg = Debug|Any CPU
		{6A156868-8DCF-4E34-A111-03013C106D39}.Debug|x86.Build.0 = Debug|Any CPU
		{6A156868-8DCF-4E34-A111-03013C106D39}.Release|Any CPU.ActiveCfg = Release|Any CPU
		{6A156868-8DCF-4E34-A111-03013C106D39}.Release|Any CPU.Build.0 = Release|Any CPU
		{6A156868-8DCF-4E34-A111-03013C106D39}.Release|x64.ActiveCfg = Release|Any CPU
		{6A156868-8DCF-4E34-A111-03013C106D39}.Release|x64.Build.0 = Release|Any CPU
		{6A156868-8DCF-4E34-A111-03013C106D39}.Release|x86.ActiveCfg = Release|Any CPU
		{6A156868-8DCF-4E34-A111-03013C106D39}.Release|x86.Build.0 = Release|Any CPU
		{60BADD06-1186-4042-87A4-4E91964F5598}.Debug|Any CPU.ActiveCfg = Debug|Any CPU
		{60BADD06-1186-4042-87A4-4E91964F5598}.Debug|Any CPU.Build.0 = Debug|Any CPU
		{60BADD06-1186-4042-87A4-4E91964F5598}.Debug|x64.ActiveCfg = Debug|Any CPU
		{60BADD06-1186-4042-87A4-4E91964F5598}.Debug|x64.Build.0 = Debug|Any CPU
		{60BADD06-1186-4042-87A4-4E91964F5598}.Debug|x86.ActiveCfg = Debug|Any CPU
		{60BADD06-1186-4042-87A4-4E91964F5598}.Debug|x86.Build.0 = Debug|Any CPU
		{60BADD06-1186-4042-87A4-4E91964F5598}.Release|Any CPU.ActiveCfg = Release|Any CPU
		{60BADD06-1186-4042-87A4-4E91964F5598}.Release|Any CPU.Build.0 = Release|Any CPU
		{60BADD06-1186-4042-87A4-4E91964F5598}.Release|x64.ActiveCfg = Release|Any CPU
		{60BADD06-1186-4042-87A4-4E91964F5598}.Release|x64.Build.0 = Release|Any CPU
		{60BADD06-1186-4042-87A4-4E91964F5598}.Release|x86.ActiveCfg = Release|Any CPU
		{60BADD06-1186-4042-87A4-4E91964F5598}.Release|x86.Build.0 = Release|Any CPU
		{0AE2B95D-D63D-483F-92A2-5723F46828DB}.Debug|Any CPU.ActiveCfg = Debug|Any CPU
		{0AE2B95D-D63D-483F-92A2-5723F46828DB}.Debug|Any CPU.Build.0 = Debug|Any CPU
		{0AE2B95D-D63D-483F-92A2-5723F46828DB}.Debug|x64.ActiveCfg = Debug|Any CPU
		{0AE2B95D-D63D-483F-92A2-5723F46828DB}.Debug|x64.Build.0 = Debug|Any CPU
		{0AE2B95D-D63D-483F-92A2-5723F46828DB}.Debug|x86.ActiveCfg = Debug|Any CPU
		{0AE2B95D-D63D-483F-92A2-5723F46828DB}.Debug|x86.Build.0 = Debug|Any CPU
		{0AE2B95D-D63D-483F-92A2-5723F46828DB}.Release|Any CPU.ActiveCfg = Release|Any CPU
		{0AE2B95D-D63D-483F-92A2-5723F46828DB}.Release|Any CPU.Build.0 = Release|Any CPU
		{0AE2B95D-D63D-483F-92A2-5723F46828DB}.Release|x64.ActiveCfg = Release|Any CPU
		{0AE2B95D-D63D-483F-92A2-5723F46828DB}.Release|x64.Build.0 = Release|Any CPU
		{0AE2B95D-D63D-483F-92A2-5723F46828DB}.Release|x86.ActiveCfg = Release|Any CPU
		{0AE2B95D-D63D-483F-92A2-5723F46828DB}.Release|x86.Build.0 = Release|Any CPU
		{B6DE4F48-8BA4-48C1-A583-D8F38A52BA17}.Debug|Any CPU.ActiveCfg = Debug|Any CPU
		{B6DE4F48-8BA4-48C1-A583-D8F38A52BA17}.Debug|Any CPU.Build.0 = Debug|Any CPU
		{B6DE4F48-8BA4-48C1-A583-D8F38A52BA17}.Debug|x64.ActiveCfg = Debug|Any CPU
		{B6DE4F48-8BA4-48C1-A583-D8F38A52BA17}.Debug|x64.Build.0 = Debug|Any CPU
		{B6DE4F48-8BA4-48C1-A583-D8F38A52BA17}.Debug|x86.ActiveCfg = Debug|Any CPU
		{B6DE4F48-8BA4-48C1-A583-D8F38A52BA17}.Debug|x86.Build.0 = Debug|Any CPU
		{B6DE4F48-8BA4-48C1-A583-D8F38A52BA17}.Release|Any CPU.ActiveCfg = Release|Any CPU
		{B6DE4F48-8BA4-48C1-A583-D8F38A52BA17}.Release|Any CPU.Build.0 = Release|Any CPU
		{B6DE4F48-8BA4-48C1-A583-D8F38A52BA17}.Release|x64.ActiveCfg = Release|Any CPU
		{B6DE4F48-8BA4-48C1-A583-D8F38A52BA17}.Release|x64.Build.0 = Release|Any CPU
		{B6DE4F48-8BA4-48C1-A583-D8F38A52BA17}.Release|x86.ActiveCfg = Release|Any CPU
		{B6DE4F48-8BA4-48C1-A583-D8F38A52BA17}.Release|x86.Build.0 = Release|Any CPU
	EndGlobalSection
	GlobalSection(SolutionProperties) = preSolution
		HideSolutionNode = FALSE
	EndGlobalSection
	GlobalSection(NestedProjects) = preSolution
		{B5C42006-F1B5-494E-B2AF-6B36A404C423} = {827E0CD3-B72D-47B6-A68D-7590B98EB39B}
		{332E1885-C324-4AB9-9088-EE2FA03F2950} = {827E0CD3-B72D-47B6-A68D-7590B98EB39B}
		{67CE93E2-2A07-4CBD-9174-85D18E200C5A} = {827E0CD3-B72D-47B6-A68D-7590B98EB39B}
		{7E263B3A-BB0E-46FB-8D91-6EA9985EBCDA} = {827E0CD3-B72D-47B6-A68D-7590B98EB39B}
		{240BA758-A1BA-45F0-941C-97D4FCC31AF9} = {827E0CD3-B72D-47B6-A68D-7590B98EB39B}
		{4C06B80E-BF06-4D11-9F5A-A5B1B998FD95} = {827E0CD3-B72D-47B6-A68D-7590B98EB39B}
		{5949C44F-3B43-4BCF-A9D9-2505BC894CBC} = {827E0CD3-B72D-47B6-A68D-7590B98EB39B}
		{6A156868-8DCF-4E34-A111-03013C106D39} = {827E0CD3-B72D-47B6-A68D-7590B98EB39B}
		{60BADD06-1186-4042-87A4-4E91964F5598} = {827E0CD3-B72D-47B6-A68D-7590B98EB39B}
		{0AE2B95D-D63D-483F-92A2-5723F46828DB} = {827E0CD3-B72D-47B6-A68D-7590B98EB39B}
		{B6DE4F48-8BA4-48C1-A583-D8F38A52BA17} = {827E0CD3-B72D-47B6-A68D-7590B98EB39B}
	EndGlobalSection
EndGlobal
